
Microsoft Visual Studio Solution File, Format Version 12.00
# Visual Studio Version 17
VisualStudioVersion = 17.6.33723.286
MinimumVisualStudioVersion = 10.0.40219.1
Project("{FAE04EC0-301F-11D3-BF4B-00C04F79EFBC}") = "BadWordsCheck", "Homework_03102023\BadWordsCheck.csproj", "{4D0C8786-A0AF-41DF-9650-3275A5A8350E}"
EndProject
Project("{FAE04EC0-301F-11D3-BF4B-00C04F79EFBC}") = "BadWordsCheckerTests", "BadWordsCheckerTests\BadWordsCheckerTests.csproj", "{FABBB6A7-447B-40F6-8078-2F5BA8D53029}"
EndProject
Global
	GlobalSection(SolutionConfigurationPlatforms) = preSolution
		Debug|Any CPU = Debug|Any CPU
		Release|Any CPU = Release|Any CPU
	EndGlobalSection
	GlobalSection(ProjectConfigurationPlatforms) = postSolution
		{4D0C8786-A0AF-41DF-9650-3275A5A8350E}.Debug|Any CPU.ActiveCfg = Debug|Any CPU
		{4D0C8786-A0AF-41DF-9650-3275A5A8350E}.Debug|Any CPU.Build.0 = Debug|Any CPU
		{4D0C8786-A0AF-41DF-9650-3275A5A8350E}.Release|Any CPU.ActiveCfg = Release|Any CPU
		{4D0C8786-A0AF-41DF-9650-3275A5A8350E}.Release|Any CPU.Build.0 = Release|Any CPU
		{FABBB6A7-447B-40F6-8078-2F5BA8D53029}.Debug|Any CPU.ActiveCfg = Debug|Any CPU
		{FABBB6A7-447B-40F6-8078-2F5BA8D53029}.Debug|Any CPU.Build.0 = Debug|Any CPU
		{FABBB6A7-447B-40F6-8078-2F5BA8D53029}.Release|Any CPU.ActiveCfg = Release|Any CPU
		{FABBB6A7-447B-40F6-8078-2F5BA8D53029}.Release|Any CPU.Build.0 = Release|Any CPU
	EndGlobalSection
	GlobalSection(SolutionProperties) = preSolution
		HideSolutionNode = FALSE
	EndGlobalSection
	GlobalSection(ExtensibilityGlobals) = postSolution
		SolutionGuid = {BB5F9CDB-3635-4E9B-9595-05DBF983AA05}
	EndGlobalSection
EndGlobal
